
Microsoft Visual Studio Solution File, Format Version 12.00
# Visual Studio 14
VisualStudioVersion = 14.0.25420.1
MinimumVisualStudioVersion = 10.0.40219.1
Project("{FAE04EC0-301F-11D3-BF4B-00C04F79EFBC}") = "XF.Common.Contracts", "..\XF.Common.Contracts\XF.Common.Contracts.csproj", "{84D9F7DF-79DB-4C0A-81AA-FF0E1FBB2B53}"
EndProject
Project("{FAE04EC0-301F-11D3-BF4B-00C04F79EFBC}") = "XF.Common", "..\XF.Common\XF.Common.csproj", "{B1B8C274-250F-4707-B296-773D05585B3B}"
EndProject
Project("{FAE04EC0-301F-11D3-BF4B-00C04F79EFBC}") = "XF.Common.Server", "..\XF.Common.Server\XF.Common.Server.csproj", "{1E0B6B68-06BE-43F7-9040-ABD27D127A21}"
EndProject
Project("{FAE04EC0-301F-11D3-BF4B-00C04F79EFBC}") = "XF.Common.Server.Contracts", "..\XF.Common.Server.Contracts\XF.Common.Server.Contracts.csproj", "{D66567B0-CD5D-4313-A215-BC13EDD551F7}"
EndProject
Project("{FAE04EC0-301F-11D3-BF4B-00C04F79EFBC}") = "XF.MongoDb.Contracts", "..\XF.MongoDb.Contracts\XF.MongoDb.Contracts.csproj", "{D5759DDA-390C-4836-B6B4-19D68C794950}"
EndProject
Project("{FAE04EC0-301F-11D3-BF4B-00C04F79EFBC}") = "XF.MySql.Contracts", "..\XF.MySql.Contracts\XF.MySql.Contracts.csproj", "{B5ED23DE-A8E8-4562-8C59-07D7E4A4DBFB}"
EndProject
Project("{FAE04EC0-301F-11D3-BF4B-00C04F79EFBC}") = "XF.SqlServer.Contracts", "..\XF.SqlServer.Contracts\XF.SqlServer.Contracts.csproj", "{10FC1257-E603-45BD-B2F4-B13186465748}"
EndProject
Project("{FAE04EC0-301F-11D3-BF4B-00C04F79EFBC}") = "XF.WebApi.Controllers", "..\XF.WebApi.Controllers\XF.WebApi.Controllers.csproj", "{014BEA88-44C4-42A0-BC1E-ACBB27B2D25E}"
EndProject
Project("{FAE04EC0-301F-11D3-BF4B-00C04F79EFBC}") = "XF.WebApi.Common", "..\XF.WebApi.Common\XF.WebApi.Common.csproj", "{F9A4D7B6-9135-478E-ACB0-BE70BD37764A}"
EndProject
Project("{FAE04EC0-301F-11D3-BF4B-00C04F79EFBC}") = "XF.WebApi.Core", "..\XF.WebApi.Core\XF.WebApi.Core.csproj", "{2E685742-4754-4132-999C-0550D45C59CD}"
EndProject
Project("{2150E333-8FDC-42A3-9474-1A3956D46DE8}") = "xf", "xf", "{66FF1A4D-69B9-4575-9499-7ECEA1AAA63E}"
EndProject
Project("{2150E333-8FDC-42A3-9474-1A3956D46DE8}") = "xap", "xap", "{39152F15-6AC8-4F47-9458-42CE2257138E}"
EndProject
Project("{FAE04EC0-301F-11D3-BF4B-00C04F79EFBC}") = "eXtensoft.Cyclops.Model", "..\eXtensoft.Cyclops.Model\eXtensoft.Cyclops.Model.csproj", "{2512BFA2-C2D1-4C2F-B90E-3A168FA1F5BE}"
EndProject
Project("{FAE04EC0-301F-11D3-BF4B-00C04F79EFBC}") = "eXtensoft.Cyclops.Model.Server", "..\eXtensoft.Cyclops.Model.Server\eXtensoft.Cyclops.Model.Server.csproj", "{F5BC7D36-B35F-4D55-BDD6-9B639325B7B2}"
EndProject
Project("{FAE04EC0-301F-11D3-BF4B-00C04F79EFBC}") = "eXtensoft.Cyclops.Web.Controllers", "..\eXtensoft.Cyclops.Web.Controllers\eXtensoft.Cyclops.Web.Controllers.csproj", "{F76C91A3-CD0D-4736-AB9C-6158D28EE76C}"
EndProject
Project("{FAE04EC0-301F-11D3-BF4B-00C04F79EFBC}") = "eXtensoft.Styx.Model", "..\eXtensoft.Styx.Model\eXtensoft.Styx.Model.csproj", "{AA5F1E07-1ADC-4ADD-839D-9D5677174749}"
EndProject
Project("{FAE04EC0-301F-11D3-BF4B-00C04F79EFBC}") = "eXtensoft.Styx.Web.Controllers", "..\eXtensoft.Styx.Web.Controllers\eXtensoft.Styx.Web.Controllers.csproj", "{D1FF4932-1073-4B76-AE56-95AEEB75850E}"
EndProject
Project("{FAE04EC0-301F-11D3-BF4B-00C04F79EFBC}") = "eXtensoft.Styx.Model.Server", "..\eXtensoft.Styx.Model.Server\eXtensoft.Styx.Model.Server.csproj", "{9615B638-E557-4EAF-AD8F-E0DEB69BE08F}"
EndProject
Project("{FAE04EC0-301F-11D3-BF4B-00C04F79EFBC}") = "Cyclops", "..\applications\Cyclops\Cyclops.csproj", "{BE5BEEC9-6E02-4A31-8F0C-B824D43B4BDD}"
EndProject
Project("{FAE04EC0-301F-11D3-BF4B-00C04F79EFBC}") = "DemoService", "..\applications\DemoService\DemoService.csproj", "{FFB79B25-03F2-45C3-AFD4-EA990774A530}"
EndProject
Project("{FAE04EC0-301F-11D3-BF4B-00C04F79EFBC}") = "DemoHarness", "..\applications\DemoHarness\DemoHarness.csproj", "{9CB22190-5FE9-4393-BE9A-A2C44C47983C}"
EndProject
Project("{2150E333-8FDC-42A3-9474-1A3956D46DE8}") = "config", "config", "{67E319E3-F558-4882-8ABD-B599044D2339}"
EndProject
Project("{FAE04EC0-301F-11D3-BF4B-00C04F79EFBC}") = "Styx.ConfigurationProvider.Development", "..\ancillary\Styx.ConfigurationProvider.Development\Styx.ConfigurationProvider.Development.csproj", "{43F2B540-06FA-4013-85CF-A603B745D9CF}"
EndProject
Global
	GlobalSection(SolutionConfigurationPlatforms) = preSolution
		Debug|Any CPU = Debug|Any CPU
		Release|Any CPU = Release|Any CPU
	EndGlobalSection
	GlobalSection(ProjectConfigurationPlatforms) = postSolution
		{84D9F7DF-79DB-4C0A-81AA-FF0E1FBB2B53}.Debug|Any CPU.ActiveCfg = Debug|Any CPU
		{84D9F7DF-79DB-4C0A-81AA-FF0E1FBB2B53}.Debug|Any CPU.Build.0 = Debug|Any CPU
		{84D9F7DF-79DB-4C0A-81AA-FF0E1FBB2B53}.Release|Any CPU.ActiveCfg = Release|Any CPU
		{84D9F7DF-79DB-4C0A-81AA-FF0E1FBB2B53}.Release|Any CPU.Build.0 = Release|Any CPU
		{B1B8C274-250F-4707-B296-773D05585B3B}.Debug|Any CPU.ActiveCfg = Debug|Any CPU
		{B1B8C274-250F-4707-B296-773D05585B3B}.Debug|Any CPU.Build.0 = Debug|Any CPU
		{B1B8C274-250F-4707-B296-773D05585B3B}.Release|Any CPU.ActiveCfg = Debug|Any CPU
		{B1B8C274-250F-4707-B296-773D05585B3B}.Release|Any CPU.Build.0 = Debug|Any CPU
		{1E0B6B68-06BE-43F7-9040-ABD27D127A21}.Debug|Any CPU.ActiveCfg = Debug|Any CPU
		{1E0B6B68-06BE-43F7-9040-ABD27D127A21}.Debug|Any CPU.Build.0 = Debug|Any CPU
		{1E0B6B68-06BE-43F7-9040-ABD27D127A21}.Release|Any CPU.ActiveCfg = Release|Any CPU
		{1E0B6B68-06BE-43F7-9040-ABD27D127A21}.Release|Any CPU.Build.0 = Release|Any CPU
		{D66567B0-CD5D-4313-A215-BC13EDD551F7}.Debug|Any CPU.ActiveCfg = Debug|Any CPU
		{D66567B0-CD5D-4313-A215-BC13EDD551F7}.Debug|Any CPU.Build.0 = Debug|Any CPU
		{D66567B0-CD5D-4313-A215-BC13EDD551F7}.Release|Any CPU.ActiveCfg = Release|Any CPU
		{D66567B0-CD5D-4313-A215-BC13EDD551F7}.Release|Any CPU.Build.0 = Release|Any CPU
		{D5759DDA-390C-4836-B6B4-19D68C794950}.Debug|Any CPU.ActiveCfg = Debug|Any CPU
		{D5759DDA-390C-4836-B6B4-19D68C794950}.Debug|Any CPU.Build.0 = Debug|Any CPU
		{D5759DDA-390C-4836-B6B4-19D68C794950}.Release|Any CPU.ActiveCfg = Release|Any CPU
		{D5759DDA-390C-4836-B6B4-19D68C794950}.Release|Any CPU.Build.0 = Release|Any CPU
		{B5ED23DE-A8E8-4562-8C59-07D7E4A4DBFB}.Debug|Any CPU.ActiveCfg = Debug|Any CPU
		{B5ED23DE-A8E8-4562-8C59-07D7E4A4DBFB}.Debug|Any CPU.Build.0 = Debug|Any CPU
		{B5ED23DE-A8E8-4562-8C59-07D7E4A4DBFB}.Release|Any CPU.ActiveCfg = Release|Any CPU
		{B5ED23DE-A8E8-4562-8C59-07D7E4A4DBFB}.Release|Any CPU.Build.0 = Release|Any CPU
		{10FC1257-E603-45BD-B2F4-B13186465748}.Debug|Any CPU.ActiveCfg = Debug|Any CPU
		{10FC1257-E603-45BD-B2F4-B13186465748}.Debug|Any CPU.Build.0 = Debug|Any CPU
		{10FC1257-E603-45BD-B2F4-B13186465748}.Release|Any CPU.ActiveCfg = Release|Any CPU
		{10FC1257-E603-45BD-B2F4-B13186465748}.Release|Any CPU.Build.0 = Release|Any CPU
		{014BEA88-44C4-42A0-BC1E-ACBB27B2D25E}.Debug|Any CPU.ActiveCfg = Debug|Any CPU
		{014BEA88-44C4-42A0-BC1E-ACBB27B2D25E}.Debug|Any CPU.Build.0 = Debug|Any CPU
		{014BEA88-44C4-42A0-BC1E-ACBB27B2D25E}.Release|Any CPU.ActiveCfg = Release|Any CPU
		{014BEA88-44C4-42A0-BC1E-ACBB27B2D25E}.Release|Any CPU.Build.0 = Release|Any CPU
		{F9A4D7B6-9135-478E-ACB0-BE70BD37764A}.Debug|Any CPU.ActiveCfg = Debug|Any CPU
		{F9A4D7B6-9135-478E-ACB0-BE70BD37764A}.Debug|Any CPU.Build.0 = Debug|Any CPU
		{F9A4D7B6-9135-478E-ACB0-BE70BD37764A}.Release|Any CPU.ActiveCfg = Release|Any CPU
		{F9A4D7B6-9135-478E-ACB0-BE70BD37764A}.Release|Any CPU.Build.0 = Release|Any CPU
		{2E685742-4754-4132-999C-0550D45C59CD}.Debug|Any CPU.ActiveCfg = Debug|Any CPU
		{2E685742-4754-4132-999C-0550D45C59CD}.Debug|Any CPU.Build.0 = Debug|Any CPU
		{2E685742-4754-4132-999C-0550D45C59CD}.Release|Any CPU.ActiveCfg = Release|Any CPU
		{2E685742-4754-4132-999C-0550D45C59CD}.Release|Any CPU.Build.0 = Release|Any CPU
		{2512BFA2-C2D1-4C2F-B90E-3A168FA1F5BE}.Debug|Any CPU.ActiveCfg = Debug|Any CPU
		{2512BFA2-C2D1-4C2F-B90E-3A168FA1F5BE}.Debug|Any CPU.Build.0 = Debug|Any CPU
		{2512BFA2-C2D1-4C2F-B90E-3A168FA1F5BE}.Release|Any CPU.ActiveCfg = Release|Any CPU
		{2512BFA2-C2D1-4C2F-B90E-3A168FA1F5BE}.Release|Any CPU.Build.0 = Release|Any CPU
		{F5BC7D36-B35F-4D55-BDD6-9B639325B7B2}.Debug|Any CPU.ActiveCfg = Debug|Any CPU
		{F5BC7D36-B35F-4D55-BDD6-9B639325B7B2}.Debug|Any CPU.Build.0 = Debug|Any CPU
		{F5BC7D36-B35F-4D55-BDD6-9B639325B7B2}.Release|Any CPU.ActiveCfg = Release|Any CPU
		{F5BC7D36-B35F-4D55-BDD6-9B639325B7B2}.Release|Any CPU.Build.0 = Release|Any CPU
		{F76C91A3-CD0D-4736-AB9C-6158D28EE76C}.Debug|Any CPU.ActiveCfg = Debug|Any CPU
		{F76C91A3-CD0D-4736-AB9C-6158D28EE76C}.Debug|Any CPU.Build.0 = Debug|Any CPU
		{F76C91A3-CD0D-4736-AB9C-6158D28EE76C}.Release|Any CPU.ActiveCfg = Release|Any CPU
		{F76C91A3-CD0D-4736-AB9C-6158D28EE76C}.Release|Any CPU.Build.0 = Release|Any CPU
		{AA5F1E07-1ADC-4ADD-839D-9D5677174749}.Debug|Any CPU.ActiveCfg = Debug|Any CPU
		{AA5F1E07-1ADC-4ADD-839D-9D5677174749}.Debug|Any CPU.Build.0 = Debug|Any CPU
		{AA5F1E07-1ADC-4ADD-839D-9D5677174749}.Release|Any CPU.ActiveCfg = Release|Any CPU
		{AA5F1E07-1ADC-4ADD-839D-9D5677174749}.Release|Any CPU.Build.0 = Release|Any CPU
		{D1FF4932-1073-4B76-AE56-95AEEB75850E}.Debug|Any CPU.ActiveCfg = Debug|Any CPU
		{D1FF4932-1073-4B76-AE56-95AEEB75850E}.Debug|Any CPU.Build.0 = Debug|Any CPU
		{D1FF4932-1073-4B76-AE56-95AEEB75850E}.Release|Any CPU.ActiveCfg = Release|Any CPU
		{D1FF4932-1073-4B76-AE56-95AEEB75850E}.Release|Any CPU.Build.0 = Release|Any CPU
		{9615B638-E557-4EAF-AD8F-E0DEB69BE08F}.Debug|Any CPU.ActiveCfg = Debug|Any CPU
		{9615B638-E557-4EAF-AD8F-E0DEB69BE08F}.Debug|Any CPU.Build.0 = Debug|Any CPU
		{9615B638-E557-4EAF-AD8F-E0DEB69BE08F}.Release|Any CPU.ActiveCfg = Release|Any CPU
		{9615B638-E557-4EAF-AD8F-E0DEB69BE08F}.Release|Any CPU.Build.0 = Release|Any CPU
		{BE5BEEC9-6E02-4A31-8F0C-B824D43B4BDD}.Debug|Any CPU.ActiveCfg = Debug|Any CPU
		{BE5BEEC9-6E02-4A31-8F0C-B824D43B4BDD}.Debug|Any CPU.Build.0 = Debug|Any CPU
		{BE5BEEC9-6E02-4A31-8F0C-B824D43B4BDD}.Release|Any CPU.ActiveCfg = Release|Any CPU
		{BE5BEEC9-6E02-4A31-8F0C-B824D43B4BDD}.Release|Any CPU.Build.0 = Release|Any CPU
		{FFB79B25-03F2-45C3-AFD4-EA990774A530}.Debug|Any CPU.ActiveCfg = Debug|Any CPU
		{FFB79B25-03F2-45C3-AFD4-EA990774A530}.Debug|Any CPU.Build.0 = Debug|Any CPU
		{FFB79B25-03F2-45C3-AFD4-EA990774A530}.Release|Any CPU.ActiveCfg = Release|Any CPU
		{FFB79B25-03F2-45C3-AFD4-EA990774A530}.Release|Any CPU.Build.0 = Release|Any CPU
		{9CB22190-5FE9-4393-BE9A-A2C44C47983C}.Debug|Any CPU.ActiveCfg = Debug|Any CPU
		{9CB22190-5FE9-4393-BE9A-A2C44C47983C}.Debug|Any CPU.Build.0 = Debug|Any CPU
		{9CB22190-5FE9-4393-BE9A-A2C44C47983C}.Release|Any CPU.ActiveCfg = Release|Any CPU
		{9CB22190-5FE9-4393-BE9A-A2C44C47983C}.Release|Any CPU.Build.0 = Release|Any CPU
		{43F2B540-06FA-4013-85CF-A603B745D9CF}.Debug|Any CPU.ActiveCfg = Debug|Any CPU
		{43F2B540-06FA-4013-85CF-A603B745D9CF}.Debug|Any CPU.Build.0 = Debug|Any CPU
		{43F2B540-06FA-4013-85CF-A603B745D9CF}.Release|Any CPU.ActiveCfg = Release|Any CPU
		{43F2B540-06FA-4013-85CF-A603B745D9CF}.Release|Any CPU.Build.0 = Release|Any CPU
	EndGlobalSection
	GlobalSection(SolutionProperties) = preSolution
		HideSolutionNode = FALSE
	EndGlobalSection
	GlobalSection(NestedProjects) = preSolution
		{84D9F7DF-79DB-4C0A-81AA-FF0E1FBB2B53} = {66FF1A4D-69B9-4575-9499-7ECEA1AAA63E}
		{B1B8C274-250F-4707-B296-773D05585B3B} = {66FF1A4D-69B9-4575-9499-7ECEA1AAA63E}
		{1E0B6B68-06BE-43F7-9040-ABD27D127A21} = {66FF1A4D-69B9-4575-9499-7ECEA1AAA63E}
		{D66567B0-CD5D-4313-A215-BC13EDD551F7} = {66FF1A4D-69B9-4575-9499-7ECEA1AAA63E}
		{D5759DDA-390C-4836-B6B4-19D68C794950} = {66FF1A4D-69B9-4575-9499-7ECEA1AAA63E}
		{B5ED23DE-A8E8-4562-8C59-07D7E4A4DBFB} = {66FF1A4D-69B9-4575-9499-7ECEA1AAA63E}
		{10FC1257-E603-45BD-B2F4-B13186465748} = {66FF1A4D-69B9-4575-9499-7ECEA1AAA63E}
		{014BEA88-44C4-42A0-BC1E-ACBB27B2D25E} = {66FF1A4D-69B9-4575-9499-7ECEA1AAA63E}
		{F9A4D7B6-9135-478E-ACB0-BE70BD37764A} = {66FF1A4D-69B9-4575-9499-7ECEA1AAA63E}
		{2E685742-4754-4132-999C-0550D45C59CD} = {66FF1A4D-69B9-4575-9499-7ECEA1AAA63E}
		{2512BFA2-C2D1-4C2F-B90E-3A168FA1F5BE} = {39152F15-6AC8-4F47-9458-42CE2257138E}
		{F5BC7D36-B35F-4D55-BDD6-9B639325B7B2} = {39152F15-6AC8-4F47-9458-42CE2257138E}
		{F76C91A3-CD0D-4736-AB9C-6158D28EE76C} = {39152F15-6AC8-4F47-9458-42CE2257138E}
		{AA5F1E07-1ADC-4ADD-839D-9D5677174749} = {39152F15-6AC8-4F47-9458-42CE2257138E}
		{D1FF4932-1073-4B76-AE56-95AEEB75850E} = {39152F15-6AC8-4F47-9458-42CE2257138E}
		{9615B638-E557-4EAF-AD8F-E0DEB69BE08F} = {39152F15-6AC8-4F47-9458-42CE2257138E}
		{43F2B540-06FA-4013-85CF-A603B745D9CF} = {67E319E3-F558-4882-8ABD-B599044D2339}
	EndGlobalSection
EndGlobal
